
Microsoft Visual Studio Solution File, Format Version 12.00
# Visual Studio Version 16
VisualStudioVersion = 16.0.30128.74
MinimumVisualStudioVersion = 10.0.40219.1
Project("{FAE04EC0-301F-11D3-BF4B-00C04F79EFBC}") = "ConsoleHeranca", "ConsoleHeranca.csproj", "{8A750AF3-80CA-43C4-80F9-EDC80BC7A5F2}"
EndProject
Global
	GlobalSection(SolutionConfigurationPlatforms) = preSolution
		Debug|Any CPU = Debug|Any CPU
		Release|Any CPU = Release|Any CPU
	EndGlobalSection
	GlobalSection(ProjectConfigurationPlatforms) = postSolution
		{8A750AF3-80CA-43C4-80F9-EDC80BC7A5F2}.Debug|Any CPU.ActiveCfg = Debug|Any CPU
		{8A750AF3-80CA-43C4-80F9-EDC80BC7A5F2}.Debug|Any CPU.Build.0 = Debug|Any CPU
		{8A750AF3-80CA-43C4-80F9-EDC80BC7A5F2}.Release|Any CPU.ActiveCfg = Release|Any CPU
		{8A750AF3-80CA-43C4-80F9-EDC80BC7A5F2}.Release|Any CPU.Build.0 = Release|Any CPU
	EndGlobalSection
	GlobalSection(SolutionProperties) = preSolution
		HideSolutionNode = FALSE
	EndGlobalSection
	GlobalSection(ExtensibilityGlobals) = postSolution
		SolutionGuid = {213EC156-DB5C-4648-A383-8231A6BA051F}
	EndGlobalSection
EndGlobal
